
Microsoft Visual Studio Solution File, Format Version 12.00
# Visual Studio Version 17
VisualStudioVersion = 17.5.33627.172
MinimumVisualStudioVersion = 10.0.40219.1
Project("{2150E333-8FDC-42A3-9474-1A3956D46DE8}") = "Framework", "Framework", "{E9FC6BF1-7A52-43AD-90F3-E8A20BE3FE99}"
EndProject
Project("{2150E333-8FDC-42A3-9474-1A3956D46DE8}") = "Core", "Core", "{BC728FCA-02C3-4522-A7EB-7403B8674BBA}"
EndProject
Project("{2150E333-8FDC-42A3-9474-1A3956D46DE8}") = "Endpoints", "Endpoints", "{F3646FB9-05E5-4DC5-B390-46B0035F7BC1}"
EndProject
Project("{2150E333-8FDC-42A3-9474-1A3956D46DE8}") = "Utilities", "Utilities", "{D9480F6F-6660-49F5-9D79-2538E8041D65}"
EndProject
Project("{9A19103F-16F7-4668-BE54-9A1E7A4F7556}") = "Honamic.Framework.Domain.Abstractions", "src\Core\Domain.Abstractions\Honamic.Framework.Domain.Abstractions.csproj", "{BDE63DF2-7FB6-4408-949E-11B406BE3CDE}"
EndProject
Project("{9A19103F-16F7-4668-BE54-9A1E7A4F7556}") = "Honamic.Framework.Domain", "src\Core\Domain\Honamic.Framework.Domain.csproj", "{5F56CC78-564F-401C-8BF9-CAC6B3515CF8}"
EndProject
Project("{9A19103F-16F7-4668-BE54-9A1E7A4F7556}") = "Honamic.Framework.Commands.Abstractions", "src\Core\Commands.Abstractions\Honamic.Framework.Commands.Abstractions.csproj", "{38FF9171-0B41-4E2B-80D1-A45EA67D9728}"
EndProject
Project("{9A19103F-16F7-4668-BE54-9A1E7A4F7556}") = "Honamic.Framework.Commands", "src\Core\Commands\Honamic.Framework.Commands.csproj", "{ED3A2E33-13CE-4691-AD31-970881B67876}"
EndProject
Project("{9A19103F-16F7-4668-BE54-9A1E7A4F7556}") = "Honamic.Framework.Events.Abstractions", "src\Core\Events.Abstractions\Honamic.Framework.Events.Abstractions.csproj", "{9EB68B73-1ECD-4BCE-A994-524D0305AAD1}"
EndProject
Project("{9A19103F-16F7-4668-BE54-9A1E7A4F7556}") = "Honamic.Framework.Events", "src\Core\Events\Honamic.Framework.Events.csproj", "{C97E9636-1241-447B-AA2B-EB706C37C031}"
EndProject
Project("{9A19103F-16F7-4668-BE54-9A1E7A4F7556}") = "Honamic.Framework.Queries.Abstractions", "src\Core\Queries.Abstractions\Honamic.Framework.Queries.Abstractions.csproj", "{A394F075-C5F6-484E-9521-FCD5A44CDF09}"
EndProject
Project("{9A19103F-16F7-4668-BE54-9A1E7A4F7556}") = "Honamic.Framework.Queries", "src\Core\Queries\Honamic.Framework.Queries.csproj", "{22EE24F2-4418-404A-B207-6F5D6A13E095}"
EndProject
Project("{9A19103F-16F7-4668-BE54-9A1E7A4F7556}") = "Honamic.Framework.Application", "src\Core\Application\Honamic.Framework.Application.csproj", "{3AD0A08A-212D-447B-963C-DBDCA2889D80}"
EndProject
Project("{9A19103F-16F7-4668-BE54-9A1E7A4F7556}") = "Honamic.Framework.Utilities", "src\Utilities\Default\Honamic.Framework.Utilities.csproj", "{C54DF392-BB7D-4A99-A753-1AA3719ED137}"
EndProject
Project("{9A19103F-16F7-4668-BE54-9A1E7A4F7556}") = "Honamic.Framework.Utilities.Web", "src\Utilities\Web\Honamic.Framework.Utilities.Web.csproj", "{371C12BC-1120-46D7-84E9-D5A85652B248}"
EndProject
Project("{2150E333-8FDC-42A3-9474-1A3956D46DE8}") = "EntityFramework", "EntityFramework", "{DFA327E3-7DC5-4DD2-92BD-68313D99D1BD}"
EndProject
Project("{9A19103F-16F7-4668-BE54-9A1E7A4F7556}") = "Honamic.Framework.EntityFramework", "src\EntityFramework\Default\Honamic.Framework.EntityFramework.csproj", "{7B54EEB5-549A-482D-899D-74EDB48D66AC}"
EndProject
Project("{9A19103F-16F7-4668-BE54-9A1E7A4F7556}") = "Honamic.Framework.EntityFramework.Persistence", "src\EntityFramework\Persistence\Honamic.Framework.EntityFramework.Persistence.csproj", "{C9EAD05B-1BB5-4DD5-8E35-02F8347C5770}"
EndProject
Project("{9A19103F-16F7-4668-BE54-9A1E7A4F7556}") = "Honamic.Framework.EntityFramework.Query", "src\EntityFramework\Query\Honamic.Framework.EntityFramework.Query.csproj", "{966BCC13-B2F1-4871-B689-F4BCE60BB8DB}"
EndProject
Project("{2150E333-8FDC-42A3-9474-1A3956D46DE8}") = "Tools", "Tools", "{196209A4-3BCC-442B-9686-CF311ADEBF6D}"
EndProject
Project("{9A19103F-16F7-4668-BE54-9A1E7A4F7556}") = "Honamic.Framework.Tools.IdGenerators", "src\Tools\IdGenerators\Honamic.Framework.Tools.IdGenerators.csproj", "{462B177A-3E97-4F60-A141-7A01F8B437B5}"
EndProject
Project("{9A19103F-16F7-4668-BE54-9A1E7A4F7556}") = "Honamic.Framework.Utilities.Razor", "src\Utilities\Razor\Honamic.Framework.Utilities.Razor.csproj", "{91F6CBC0-C422-43C5-AF19-DE6D3B5B7806}"
EndProject
Project("{FAE04EC0-301F-11D3-BF4B-00C04F79EFBC}") = "Honamic.Framework.Application.Abstractions", "src\Core\Application.Abstractions\Honamic.Framework.Application.Abstractions.csproj", "{29C37841-0CA2-9A52-9A08-90CA63C5E63A}"
EndProject
Project("{FAE04EC0-301F-11D3-BF4B-00C04F79EFBC}") = "Honamic.Framework.Endpoints.Web", "src\Endpoints\Web\Honamic.Framework.Endpoints.Web.csproj", "{E1A7BC6D-5EE2-D0FD-8862-DD7EED0F5169}"
EndProject
Global
	GlobalSection(SolutionConfigurationPlatforms) = preSolution
		Debug|Any CPU = Debug|Any CPU
		Release|Any CPU = Release|Any CPU
	EndGlobalSection
	GlobalSection(ProjectConfigurationPlatforms) = postSolution
		{BDE63DF2-7FB6-4408-949E-11B406BE3CDE}.Debug|Any CPU.ActiveCfg = Debug|Any CPU
		{BDE63DF2-7FB6-4408-949E-11B406BE3CDE}.Debug|Any CPU.Build.0 = Debug|Any CPU
		{BDE63DF2-7FB6-4408-949E-11B406BE3CDE}.Release|Any CPU.ActiveCfg = Release|Any CPU
		{BDE63DF2-7FB6-4408-949E-11B406BE3CDE}.Release|Any CPU.Build.0 = Release|Any CPU
		{5F56CC78-564F-401C-8BF9-CAC6B3515CF8}.Debug|Any CPU.ActiveCfg = Debug|Any CPU
		{5F56CC78-564F-401C-8BF9-CAC6B3515CF8}.Debug|Any CPU.Build.0 = Debug|Any CPU
		{5F56CC78-564F-401C-8BF9-CAC6B3515CF8}.Release|Any CPU.ActiveCfg = Release|Any CPU
		{5F56CC78-564F-401C-8BF9-CAC6B3515CF8}.Release|Any CPU.Build.0 = Release|Any CPU
		{38FF9171-0B41-4E2B-80D1-A45EA67D9728}.Debug|Any CPU.ActiveCfg = Debug|Any CPU
		{38FF9171-0B41-4E2B-80D1-A45EA67D9728}.Debug|Any CPU.Build.0 = Debug|Any CPU
		{38FF9171-0B41-4E2B-80D1-A45EA67D9728}.Release|Any CPU.ActiveCfg = Release|Any CPU
		{38FF9171-0B41-4E2B-80D1-A45EA67D9728}.Release|Any CPU.Build.0 = Release|Any CPU
		{ED3A2E33-13CE-4691-AD31-970881B67876}.Debug|Any CPU.ActiveCfg = Debug|Any CPU
		{ED3A2E33-13CE-4691-AD31-970881B67876}.Debug|Any CPU.Build.0 = Debug|Any CPU
		{ED3A2E33-13CE-4691-AD31-970881B67876}.Release|Any CPU.ActiveCfg = Release|Any CPU
		{ED3A2E33-13CE-4691-AD31-970881B67876}.Release|Any CPU.Build.0 = Release|Any CPU
		{9EB68B73-1ECD-4BCE-A994-524D0305AAD1}.Debug|Any CPU.ActiveCfg = Debug|Any CPU
		{9EB68B73-1ECD-4BCE-A994-524D0305AAD1}.Debug|Any CPU.Build.0 = Debug|Any CPU
		{9EB68B73-1ECD-4BCE-A994-524D0305AAD1}.Release|Any CPU.ActiveCfg = Release|Any CPU
		{9EB68B73-1ECD-4BCE-A994-524D0305AAD1}.Release|Any CPU.Build.0 = Release|Any CPU
		{C97E9636-1241-447B-AA2B-EB706C37C031}.Debug|Any CPU.ActiveCfg = Debug|Any CPU
		{C97E9636-1241-447B-AA2B-EB706C37C031}.Debug|Any CPU.Build.0 = Debug|Any CPU
		{C97E9636-1241-447B-AA2B-EB706C37C031}.Release|Any CPU.ActiveCfg = Release|Any CPU
		{C97E9636-1241-447B-AA2B-EB706C37C031}.Release|Any CPU.Build.0 = Release|Any CPU
		{A394F075-C5F6-484E-9521-FCD5A44CDF09}.Debug|Any CPU.ActiveCfg = Debug|Any CPU
		{A394F075-C5F6-484E-9521-FCD5A44CDF09}.Debug|Any CPU.Build.0 = Debug|Any CPU
		{A394F075-C5F6-484E-9521-FCD5A44CDF09}.Release|Any CPU.ActiveCfg = Release|Any CPU
		{A394F075-C5F6-484E-9521-FCD5A44CDF09}.Release|Any CPU.Build.0 = Release|Any CPU
		{22EE24F2-4418-404A-B207-6F5D6A13E095}.Debug|Any CPU.ActiveCfg = Debug|Any CPU
		{22EE24F2-4418-404A-B207-6F5D6A13E095}.Debug|Any CPU.Build.0 = Debug|Any CPU
		{22EE24F2-4418-404A-B207-6F5D6A13E095}.Release|Any CPU.ActiveCfg = Release|Any CPU
		{22EE24F2-4418-404A-B207-6F5D6A13E095}.Release|Any CPU.Build.0 = Release|Any CPU
		{3AD0A08A-212D-447B-963C-DBDCA2889D80}.Debug|Any CPU.ActiveCfg = Debug|Any CPU
		{3AD0A08A-212D-447B-963C-DBDCA2889D80}.Debug|Any CPU.Build.0 = Debug|Any CPU
		{3AD0A08A-212D-447B-963C-DBDCA2889D80}.Release|Any CPU.ActiveCfg = Release|Any CPU
		{3AD0A08A-212D-447B-963C-DBDCA2889D80}.Release|Any CPU.Build.0 = Release|Any CPU
		{C54DF392-BB7D-4A99-A753-1AA3719ED137}.Debug|Any CPU.ActiveCfg = Debug|Any CPU
		{C54DF392-BB7D-4A99-A753-1AA3719ED137}.Debug|Any CPU.Build.0 = Debug|Any CPU
		{C54DF392-BB7D-4A99-A753-1AA3719ED137}.Release|Any CPU.ActiveCfg = Release|Any CPU
		{C54DF392-BB7D-4A99-A753-1AA3719ED137}.Release|Any CPU.Build.0 = Release|Any CPU
		{371C12BC-1120-46D7-84E9-D5A85652B248}.Debug|Any CPU.ActiveCfg = Debug|Any CPU
		{371C12BC-1120-46D7-84E9-D5A85652B248}.Debug|Any CPU.Build.0 = Debug|Any CPU
		{371C12BC-1120-46D7-84E9-D5A85652B248}.Release|Any CPU.ActiveCfg = Release|Any CPU
		{371C12BC-1120-46D7-84E9-D5A85652B248}.Release|Any CPU.Build.0 = Release|Any CPU
		{7B54EEB5-549A-482D-899D-74EDB48D66AC}.Debug|Any CPU.ActiveCfg = Debug|Any CPU
		{7B54EEB5-549A-482D-899D-74EDB48D66AC}.Debug|Any CPU.Build.0 = Debug|Any CPU
		{7B54EEB5-549A-482D-899D-74EDB48D66AC}.Release|Any CPU.ActiveCfg = Release|Any CPU
		{7B54EEB5-549A-482D-899D-74EDB48D66AC}.Release|Any CPU.Build.0 = Release|Any CPU
		{C9EAD05B-1BB5-4DD5-8E35-02F8347C5770}.Debug|Any CPU.ActiveCfg = Debug|Any CPU
		{C9EAD05B-1BB5-4DD5-8E35-02F8347C5770}.Debug|Any CPU.Build.0 = Debug|Any CPU
		{C9EAD05B-1BB5-4DD5-8E35-02F8347C5770}.Release|Any CPU.ActiveCfg = Release|Any CPU
		{C9EAD05B-1BB5-4DD5-8E35-02F8347C5770}.Release|Any CPU.Build.0 = Release|Any CPU
		{966BCC13-B2F1-4871-B689-F4BCE60BB8DB}.Debug|Any CPU.ActiveCfg = Debug|Any CPU
		{966BCC13-B2F1-4871-B689-F4BCE60BB8DB}.Debug|Any CPU.Build.0 = Debug|Any CPU
		{966BCC13-B2F1-4871-B689-F4BCE60BB8DB}.Release|Any CPU.ActiveCfg = Release|Any CPU
		{966BCC13-B2F1-4871-B689-F4BCE60BB8DB}.Release|Any CPU.Build.0 = Release|Any CPU
		{462B177A-3E97-4F60-A141-7A01F8B437B5}.Debug|Any CPU.ActiveCfg = Debug|Any CPU
		{462B177A-3E97-4F60-A141-7A01F8B437B5}.Debug|Any CPU.Build.0 = Debug|Any CPU
		{462B177A-3E97-4F60-A141-7A01F8B437B5}.Release|Any CPU.ActiveCfg = Release|Any CPU
		{462B177A-3E97-4F60-A141-7A01F8B437B5}.Release|Any CPU.Build.0 = Release|Any CPU
		{91F6CBC0-C422-43C5-AF19-DE6D3B5B7806}.Debug|Any CPU.ActiveCfg = Debug|Any CPU
		{91F6CBC0-C422-43C5-AF19-DE6D3B5B7806}.Debug|Any CPU.Build.0 = Debug|Any CPU
		{91F6CBC0-C422-43C5-AF19-DE6D3B5B7806}.Release|Any CPU.ActiveCfg = Release|Any CPU
		{91F6CBC0-C422-43C5-AF19-DE6D3B5B7806}.Release|Any CPU.Build.0 = Release|Any CPU
		{29C37841-0CA2-9A52-9A08-90CA63C5E63A}.Debug|Any CPU.ActiveCfg = Debug|Any CPU
		{29C37841-0CA2-9A52-9A08-90CA63C5E63A}.Debug|Any CPU.Build.0 = Debug|Any CPU
		{29C37841-0CA2-9A52-9A08-90CA63C5E63A}.Release|Any CPU.ActiveCfg = Release|Any CPU
		{29C37841-0CA2-9A52-9A08-90CA63C5E63A}.Release|Any CPU.Build.0 = Release|Any CPU
		{E1A7BC6D-5EE2-D0FD-8862-DD7EED0F5169}.Debug|Any CPU.ActiveCfg = Debug|Any CPU
		{E1A7BC6D-5EE2-D0FD-8862-DD7EED0F5169}.Debug|Any CPU.Build.0 = Debug|Any CPU
		{E1A7BC6D-5EE2-D0FD-8862-DD7EED0F5169}.Release|Any CPU.ActiveCfg = Release|Any CPU
		{E1A7BC6D-5EE2-D0FD-8862-DD7EED0F5169}.Release|Any CPU.Build.0 = Release|Any CPU
	EndGlobalSection
	GlobalSection(SolutionProperties) = preSolution
		HideSolutionNode = FALSE
	EndGlobalSection
	GlobalSection(NestedProjects) = preSolution
		{BC728FCA-02C3-4522-A7EB-7403B8674BBA} = {E9FC6BF1-7A52-43AD-90F3-E8A20BE3FE99}
		{F3646FB9-05E5-4DC5-B390-46B0035F7BC1} = {E9FC6BF1-7A52-43AD-90F3-E8A20BE3FE99}
		{D9480F6F-6660-49F5-9D79-2538E8041D65} = {E9FC6BF1-7A52-43AD-90F3-E8A20BE3FE99}
		{BDE63DF2-7FB6-4408-949E-11B406BE3CDE} = {BC728FCA-02C3-4522-A7EB-7403B8674BBA}
		{5F56CC78-564F-401C-8BF9-CAC6B3515CF8} = {BC728FCA-02C3-4522-A7EB-7403B8674BBA}
		{38FF9171-0B41-4E2B-80D1-A45EA67D9728} = {BC728FCA-02C3-4522-A7EB-7403B8674BBA}
		{ED3A2E33-13CE-4691-AD31-970881B67876} = {BC728FCA-02C3-4522-A7EB-7403B8674BBA}
		{9EB68B73-1ECD-4BCE-A994-524D0305AAD1} = {BC728FCA-02C3-4522-A7EB-7403B8674BBA}
		{C97E9636-1241-447B-AA2B-EB706C37C031} = {BC728FCA-02C3-4522-A7EB-7403B8674BBA}
		{A394F075-C5F6-484E-9521-FCD5A44CDF09} = {BC728FCA-02C3-4522-A7EB-7403B8674BBA}
		{22EE24F2-4418-404A-B207-6F5D6A13E095} = {BC728FCA-02C3-4522-A7EB-7403B8674BBA}
		{3AD0A08A-212D-447B-963C-DBDCA2889D80} = {BC728FCA-02C3-4522-A7EB-7403B8674BBA}
		{C54DF392-BB7D-4A99-A753-1AA3719ED137} = {D9480F6F-6660-49F5-9D79-2538E8041D65}
		{371C12BC-1120-46D7-84E9-D5A85652B248} = {D9480F6F-6660-49F5-9D79-2538E8041D65}
		{DFA327E3-7DC5-4DD2-92BD-68313D99D1BD} = {E9FC6BF1-7A52-43AD-90F3-E8A20BE3FE99}
		{7B54EEB5-549A-482D-899D-74EDB48D66AC} = {DFA327E3-7DC5-4DD2-92BD-68313D99D1BD}
		{C9EAD05B-1BB5-4DD5-8E35-02F8347C5770} = {DFA327E3-7DC5-4DD2-92BD-68313D99D1BD}
		{966BCC13-B2F1-4871-B689-F4BCE60BB8DB} = {DFA327E3-7DC5-4DD2-92BD-68313D99D1BD}
		{196209A4-3BCC-442B-9686-CF311ADEBF6D} = {E9FC6BF1-7A52-43AD-90F3-E8A20BE3FE99}
		{462B177A-3E97-4F60-A141-7A01F8B437B5} = {196209A4-3BCC-442B-9686-CF311ADEBF6D}
		{91F6CBC0-C422-43C5-AF19-DE6D3B5B7806} = {D9480F6F-6660-49F5-9D79-2538E8041D65}
		{29C37841-0CA2-9A52-9A08-90CA63C5E63A} = {BC728FCA-02C3-4522-A7EB-7403B8674BBA}
		{E1A7BC6D-5EE2-D0FD-8862-DD7EED0F5169} = {F3646FB9-05E5-4DC5-B390-46B0035F7BC1}
	EndGlobalSection
	GlobalSection(ExtensibilityGlobals) = postSolution
		SolutionGuid = {E15D83FC-8F5C-4D9C-9DCD-D114F5609922}
	EndGlobalSection
EndGlobal
